
Microsoft Visual Studio Solution File, Format Version 12.00
# Visual Studio Version 17
VisualStudioVersion = 17.0.31919.166
MinimumVisualStudioVersion = 10.0.40219.1
Project("{FAE04EC0-301F-11D3-BF4B-00C04F79EFBC}") = "JWT", "JWT\JWT.csproj", "{A7A17340-F4FB-41CF-8E0F-C72C5278DE3E}"
EndProject
Global
	GlobalSection(SolutionConfigurationPlatforms) = preSolution
		Debug|Any CPU = Debug|Any CPU
		Release|Any CPU = Release|Any CPU
	EndGlobalSection
	GlobalSection(ProjectConfigurationPlatforms) = postSolution
		{A7A17340-F4FB-41CF-8E0F-C72C5278DE3E}.Debug|Any CPU.ActiveCfg = Debug|Any CPU
		{A7A17340-F4FB-41CF-8E0F-C72C5278DE3E}.Debug|Any CPU.Build.0 = Debug|Any CPU
		{A7A17340-F4FB-41CF-8E0F-C72C5278DE3E}.Release|Any CPU.ActiveCfg = Release|Any CPU
		{A7A17340-F4FB-41CF-8E0F-C72C5278DE3E}.Release|Any CPU.Build.0 = Release|Any CPU
	EndGlobalSection
	GlobalSection(SolutionProperties) = preSolution
		HideSolutionNode = FALSE
	EndGlobalSection
	GlobalSection(ExtensibilityGlobals) = postSolution
		SolutionGuid = {9E5E5D11-E740-4209-953D-890F039E722C}
	EndGlobalSection
EndGlobal
